// !$*UTF8*$!
{
	archiveVersion = 1;
	classes = {
	};
	objectVersion = 55;
	objects = {

/* Begin PBXBuildFile section */
		A94B7C6327E2D60100A04BCC /* AngelNumberTracker2App.swift in Sources */ = {isa = PBXBuildFile; fileRef = A94B7C6227E2D60100A04BCC /* AngelNumberTracker2App.swift */; };
		A94B7C6527E2D60100A04BCC /* NumberRankingView.swift in Sources */ = {isa = PBXBuildFile; fileRef = A94B7C6427E2D60100A04BCC /* NumberRankingView.swift */; };
		A94B7C6727E2D60500A04BCC /* Assets.xcassets in Resources */ = {isa = PBXBuildFile; fileRef = A94B7C6627E2D60500A04BCC /* Assets.xcassets */; };
		A94B7C6A27E2D60500A04BCC /* Preview Assets.xcassets in Resources */ = {isa = PBXBuildFile; fileRef = A94B7C6927E2D60500A04BCC /* Preview Assets.xcassets */; };
		A94B7C7427E2DA5000A04BCC /* NumberModel.swift in Sources */ = {isa = PBXBuildFile; fileRef = A94B7C7327E2DA5000A04BCC /* NumberModel.swift */; };
		A94B7C7627E2DF4700A04BCC /* KeyPadView.swift in Sources */ = {isa = PBXBuildFile; fileRef = A94B7C7527E2DF4700A04BCC /* KeyPadView.swift */; };
		A94B7C7827E3010D00A04BCC /* NumberItemView.swift in Sources */ = {isa = PBXBuildFile; fileRef = A94B7C7727E3010D00A04BCC /* NumberItemView.swift */; };
		A94B7C7A27E319A800A04BCC /* BackgroundView.swift in Sources */ = {isa = PBXBuildFile; fileRef = A94B7C7927E319A800A04BCC /* BackgroundView.swift */; };
		A94B7C7C27E319DA00A04BCC /* FilterMenuView.swift in Sources */ = {isa = PBXBuildFile; fileRef = A94B7C7B27E319DA00A04BCC /* FilterMenuView.swift */; };
		A94B7C7E27E31FCE00A04BCC /* ScrollAcceptView.swift in Sources */ = {isa = PBXBuildFile; fileRef = A94B7C7D27E31FCE00A04BCC /* ScrollAcceptView.swift */; };
		A94B7C8027E3216600A04BCC /* AngelNumberEntry.swift in Sources */ = {isa = PBXBuildFile; fileRef = A94B7C7F27E3216600A04BCC /* AngelNumberEntry.swift */; };
		A94B7C8227E32AD100A04BCC /* Background2View.swift in Sources */ = {isa = PBXBuildFile; fileRef = A94B7C8127E32AD100A04BCC /* Background2View.swift */; };
/* End PBXBuildFile section */

/* Begin PBXFileReference section */
		A94B7C5F27E2D60100A04BCC /* AngelNumberTracker2.app */ = {isa = PBXFileReference; explicitFileType = wrapper.application; includeInIndex = 0; path = AngelNumberTracker2.app; sourceTree = BUILT_PRODUCTS_DIR; };
		A94B7C6227E2D60100A04BCC /* AngelNumberTracker2App.swift */ = {isa = PBXFileReference; lastKnownFileType = sourcecode.swift; path = AngelNumberTracker2App.swift; sourceTree = "<group>"; };
		A94B7C6427E2D60100A04BCC /* NumberRankingView.swift */ = {isa = PBXFileReference; lastKnownFileType = sourcecode.swift; path = NumberRankingView.swift; sourceTree = "<group>"; };
		A94B7C6627E2D60500A04BCC /* Assets.xcassets */ = {isa = PBXFileReference; lastKnownFileType = folder.assetcatalog; path = Assets.xcassets; sourceTree = "<group>"; };
		A94B7C6927E2D60500A04BCC /* Preview Assets.xcassets */ = {isa = PBXFileReference; lastKnownFileType = folder.assetcatalog; path = "Preview Assets.xcassets"; sourceTree = "<group>"; };
		A94B7C7327E2DA5000A04BCC /* NumberModel.swift */ = {isa = PBXFileReference; lastKnownFileType = sourcecode.swift; path = NumberModel.swift; sourceTree = "<group>"; };
		A94B7C7527E2DF4700A04BCC /* KeyPadView.swift */ = {isa = PBXFileReference; lastKnownFileType = sourcecode.swift; path = KeyPadView.swift; sourceTree = "<group>"; };
		A94B7C7727E3010D00A04BCC /* NumberItemView.swift */ = {isa = PBXFileReference; lastKnownFileType = sourcecode.swift; path = NumberItemView.swift; sourceTree = "<group>"; };
		A94B7C7927E319A800A04BCC /* BackgroundView.swift */ = {isa = PBXFileReference; lastKnownFileType = sourcecode.swift; path = BackgroundView.swift; sourceTree = "<group>"; };
		A94B7C7B27E319DA00A04BCC /* FilterMenuView.swift */ = {isa = PBXFileReference; lastKnownFileType = sourcecode.swift; path = FilterMenuView.swift; sourceTree = "<group>"; };
		A94B7C7D27E31FCE00A04BCC /* ScrollAcceptView.swift */ = {isa = PBXFileReference; lastKnownFileType = sourcecode.swift; path = ScrollAcceptView.swift; sourceTree = "<group>"; };
		A94B7C7F27E3216600A04BCC /* AngelNumberEntry.swift */ = {isa = PBXFileReference; lastKnownFileType = sourcecode.swift; path = AngelNumberEntry.swift; sourceTree = "<group>"; };
		A94B7C8127E32AD100A04BCC /* Background2View.swift */ = {isa = PBXFileReference; lastKnownFileType = sourcecode.swift; path = Background2View.swift; sourceTree = "<group>"; };
/* End PBXFileReference section */

/* Begin PBXFrameworksBuildPhase section */
		A94B7C5C27E2D60100A04BCC /* Frameworks */ = {
			isa = PBXFrameworksBuildPhase;
			buildActionMask = 2147483647;
			files = (
			);
			runOnlyForDeploymentPostprocessing = 0;
		};
/* End PBXFrameworksBuildPhase section */

/* Begin PBXGroup section */
		A94B7C5627E2D60100A04BCC = {
			isa = PBXGroup;
			children = (
				A94B7C6127E2D60100A04BCC /* AngelNumberTracker2 */,
				A94B7C6027E2D60100A04BCC /* Products */,
			);
			sourceTree = "<group>";
		};
		A94B7C6027E2D60100A04BCC /* Products */ = {
			isa = PBXGroup;
			children = (
				A94B7C5F27E2D60100A04BCC /* AngelNumberTracker2.app */,
			);
			name = Products;
			sourceTree = "<group>";
		};
		A94B7C6127E2D60100A04BCC /* AngelNumberTracker2 */ = {
			isa = PBXGroup;
			children = (
				A94B7C6227E2D60100A04BCC /* AngelNumberTracker2App.swift */,
				A94B7C7227E2D97700A04BCC /* View Models */,
				A94B7C7127E2D97000A04BCC /* Models */,
				A94B7C7027E2D96A00A04BCC /* Views */,
				A94B7C6627E2D60500A04BCC /* Assets.xcassets */,
				A94B7C6827E2D60500A04BCC /* Preview Content */,
			);
			path = AngelNumberTracker2;
			sourceTree = "<group>";
		};
		A94B7C6827E2D60500A04BCC /* Preview Content */ = {
			isa = PBXGroup;
			children = (
				A94B7C6927E2D60500A04BCC /* Preview Assets.xcassets */,
			);
			path = "Preview Content";
			sourceTree = "<group>";
		};
		A94B7C7027E2D96A00A04BCC /* Views */ = {
			isa = PBXGroup;
			children = (
				A94B7C6427E2D60100A04BCC /* NumberRankingView.swift */,
				A94B7C7527E2DF4700A04BCC /* KeyPadView.swift */,
				A94B7C7727E3010D00A04BCC /* NumberItemView.swift */,
				A94B7C7927E319A800A04BCC /* BackgroundView.swift */,
				A94B7C8127E32AD100A04BCC /* Background2View.swift */,
				A94B7C7B27E319DA00A04BCC /* FilterMenuView.swift */,
				A94B7C7D27E31FCE00A04BCC /* ScrollAcceptView.swift */,
				A94B7C7F27E3216600A04BCC /* AngelNumberEntry.swift */,
			);
			path = Views;
			sourceTree = "<group>";
		};
		A94B7C7127E2D97000A04BCC /* Models */ = {
			isa = PBXGroup;
			children = (
				A94B7C7327E2DA5000A04BCC /* NumberModel.swift */,
			);
			path = Models;
			sourceTree = "<group>";
		};
		A94B7C7227E2D97700A04BCC /* View Models */ = {
			isa = PBXGroup;
			children = (
			);
			path = "View Models";
			sourceTree = "<group>";
		};
/* End PBXGroup section */

/* Begin PBXNativeTarget section */
		A94B7C5E27E2D60100A04BCC /* AngelNumberTracker2 */ = {
			isa = PBXNativeTarget;
			buildConfigurationList = A94B7C6D27E2D60500A04BCC /* Build configuration list for PBXNativeTarget "AngelNumberTracker2" */;
			buildPhases = (
				A94B7C5B27E2D60100A04BCC /* Sources */,
				A94B7C5C27E2D60100A04BCC /* Frameworks */,
				A94B7C5D27E2D60100A04BCC /* Resources */,
			);
			buildRules = (
			);
			dependencies = (
			);
			name = AngelNumberTracker2;
			productName = AngelNumberTracker2;
			productReference = A94B7C5F27E2D60100A04BCC /* AngelNumberTracker2.app */;
			productType = "com.apple.product-type.application";
		};
/* End PBXNativeTarget section */

/* Begin PBXProject section */
		A94B7C5727E2D60100A04BCC /* Project object */ = {
			isa = PBXProject;
			attributes = {
				BuildIndependentTargetsInParallel = 1;
				LastSwiftUpdateCheck = 1320;
				LastUpgradeCheck = 1320;
				TargetAttributes = {
					A94B7C5E27E2D60100A04BCC = {
						CreatedOnToolsVersion = 13.2.1;
					};
				};
			};
			buildConfigurationList = A94B7C5A27E2D60100A04BCC /* Build configuration list for PBXProject "AngelNumberTracker2" */;
			compatibilityVersion = "Xcode 13.0";
			developmentRegion = en;
			hasScannedForEncodings = 0;
			knownRegions = (
				en,
				Base,
			);
			mainGroup = A94B7C5627E2D60100A04BCC;
			productRefGroup = A94B7C6027E2D60100A04BCC /* Products */;
			projectDirPath = "";
			projectRoot = "";
			targets = (
				A94B7C5E27E2D60100A04BCC /* AngelNumberTracker2 */,
			);
		};
/* End PBXProject section */

/* Begin PBXResourcesBuildPhase section */
		A94B7C5D27E2D60100A04BCC /* Resources */ = {
			isa = PBXResourcesBuildPhase;
			buildActionMask = 2147483647;
			files = (
				A94B7C6A27E2D60500A04BCC /* Preview Assets.xcassets in Resources */,
				A94B7C6727E2D60500A04BCC /* Assets.xcassets in Resources */,
			);
			runOnlyForDeploymentPostprocessing = 0;
		};
/* End PBXResourcesBuildPhase section */

/* Begin PBXSourcesBuildPhase section */
		A94B7C5B27E2D60100A04BCC /* Sources */ = {
			isa = PBXSourcesBuildPhase;
			buildActionMask = 2147483647;
			files = (
				A94B7C7A27E319A800A04BCC /* BackgroundView.swift in Sources */,
				A94B7C8227E32AD100A04BCC /* Background2View.swift in Sources */,
				A94B7C8027E3216600A04BCC /* AngelNumberEntry.swift in Sources */,
				A94B7C7C27E319DA00A04BCC /* FilterMenuView.swift in Sources */,
				A94B7C7627E2DF4700A04BCC /* KeyPadView.swift in Sources */,
				A94B7C7E27E31FCE00A04BCC /* ScrollAcceptView.swift in Sources */,
				A94B7C6527E2D60100A04BCC /* NumberRankingView.swift in Sources */,
				A94B7C7827E3010D00A04BCC /* NumberItemView.swift in Sources */,
				A94B7C7427E2DA5000A04BCC /* NumberModel.swift in Sources */,
				A94B7C6327E2D60100A04BCC /* AngelNumberTracker2App.swift in Sources */,
			);
			runOnlyForDeploymentPostprocessing = 0;
		};
/* End PBXSourcesBuildPhase section */

/* Begin XCBuildConfiguration section */
		A94B7C6B27E2D60500A04BCC /* Debug */ = {
			isa = XCBuildConfiguration;
			buildSettings = {
				ALWAYS_SEARCH_USER_PATHS = NO;
				CLANG_ANALYZER_NONNULL = YES;
				CLANG_ANALYZER_NUMBER_OBJECT_CONVERSION = YES_AGGRESSIVE;
				CLANG_CXX_LANGUAGE_STANDARD = "gnu++17";
				CLANG_CXX_LIBRARY = "libc++";
				CLANG_ENABLE_MODULES = YES;
				CLANG_ENABLE_OBJC_ARC = YES;
				CLANG_ENABLE_OBJC_WEAK = YES;
				CLANG_WARN_BLOCK_CAPTURE_AUTORELEASING = YES;
				CLANG_WARN_BOOL_CONVERSION = YES;
				CLANG_WARN_COMMA = YES;
				CLANG_WARN_CONSTANT_CONVERSION = YES;
				CLANG_WARN_DEPRECATED_OBJC_IMPLEMENTATIONS = YES;
				CLANG_WARN_DIRECT_OBJC_ISA_USAGE = YES_ERROR;
				CLANG_WARN_DOCUMENTATION_COMMENTS = YES;
				CLANG_WARN_EMPTY_BODY = YES;
				CLANG_WARN_ENUM_CONVERSION = YES;
				CLANG_WARN_INFINITE_RECURSION = YES;
				CLANG_WARN_INT_CONVERSION = YES;
				CLANG_WARN_NON_LITERAL_NULL_CONVERSION = YES;
				CLANG_WARN_OBJC_IMPLICIT_RETAIN_SELF = YES;
				CLANG_WARN_OBJC_LITERAL_CONVERSION = YES;
				CLANG_WARN_OBJC_ROOT_CLASS = YES_ERROR;
				CLANG_WARN_QUOTED_INCLUDE_IN_FRAMEWORK_HEADER = YES;
				CLANG_WARN_RANGE_LOOP_ANALYSIS = YES;
				CLANG_WARN_STRICT_PROTOTYPES = YES;
				CLANG_WARN_SUSPICIOUS_MOVE = YES;
				CLANG_WARN_UNGUARDED_AVAILABILITY = YES_AGGRESSIVE;
				CLANG_WARN_UNREACHABLE_CODE = YES;
				CLANG_WARN__DUPLICATE_METHOD_MATCH = YES;
				COPY_PHASE_STRIP = NO;
				DEBUG_INFORMATION_FORMAT = dwarf;
				ENABLE_STRICT_OBJC_MSGSEND = YES;
				ENABLE_TESTABILITY = YES;
				GCC_C_LANGUAGE_STANDARD = gnu11;
				GCC_DYNAMIC_NO_PIC = NO;
				GCC_NO_COMMON_BLOCKS = YES;
				GCC_OPTIMIZATION_LEVEL = 0;
				GCC_PREPROCESSOR_DEFINITIONS = (
					"DEBUG=1",
					"$(inherited)",
				);
				GCC_WARN_64_TO_32_BIT_CONVERSION = YES;
				GCC_WARN_ABOUT_RETURN_TYPE = YES_ERROR;
				GCC_WARN_UNDECLARED_SELECTOR = YES;
				GCC_WARN_UNINITIALIZED_AUTOS = YES_AGGRESSIVE;
				GCC_WARN_UNUSED_FUNCTION = YES;
				GCC_WARN_UNUSED_VARIABLE = YES;
				IPHONEOS_DEPLOYMENT_TARGET = 15.2;
				MTL_ENABLE_DEBUG_INFO = INCLUDE_SOURCE;
				MTL_FAST_MATH = YES;
				ONLY_ACTIVE_ARCH = YES;
				SDKROOT = iphoneos;
				SWIFT_ACTIVE_COMPILATION_CONDITIONS = DEBUG;
				SWIFT_OPTIMIZATION_LEVEL = "-Onone";
			};
			name = Debug;
		};
		A94B7C6C27E2D60500A04BCC /* Release */ = {
			isa = XCBuildConfiguration;
			buildSettings = {
				ALWAYS_SEARCH_USER_PATHS = NO;
				CLANG_ANALYZER_NONNULL = YES;
				CLANG_ANALYZER_NUMBER_OBJECT_CONVERSION = YES_AGGRESSIVE;
				CLANG_CXX_LANGUAGE_STANDARD = "gnu++17";
				CLANG_CXX_LIBRARY = "libc++";
				CLANG_ENABLE_MODULES = YES;
				CLANG_ENABLE_OBJC_ARC = YES;
				CLANG_ENABLE_OBJC_WEAK = YES;
				CLANG_WARN_BLOCK_CAPTURE_AUTORELEASING = YES;
				CLANG_WARN_BOOL_CONVERSION = YES;
				CLANG_WARN_COMMA = YES;
				CLANG_WARN_CONSTANT_CONVERSION = YES;
				CLANG_WARN_DEPRECATED_OBJC_IMPLEMENTATIONS = YES;
				CLANG_WARN_DIRECT_OBJC_ISA_USAGE = YES_ERROR;
				CLANG_WARN_DOCUMENTATION_COMMENTS = YES;
				CLANG_WARN_EMPTY_BODY = YES;
				CLANG_WARN_ENUM_CONVERSION = YES;
				CLANG_WARN_INFINITE_RECURSION = YES;
				CLANG_WARN_INT_CONVERSION = YES;
				CLANG_WARN_NON_LITERAL_NULL_CONVERSION = YES;
				CLANG_WARN_OBJC_IMPLICIT_RETAIN_SELF = YES;
				CLANG_WARN_OBJC_LITERAL_CONVERSION = YES;
				CLANG_WARN_OBJC_ROOT_CLASS = YES_ERROR;
				CLANG_WARN_QUOTED_INCLUDE_IN_FRAMEWORK_HEADER = YES;
				CLANG_WARN_RANGE_LOOP_ANALYSIS = YES;
				CLANG_WARN_STRICT_PROTOTYPES = YES;
				CLANG_WARN_SUSPICIOUS_MOVE = YES;
				CLANG_WARN_UNGUARDED_AVAILABILITY = YES_AGGRESSIVE;
				CLANG_WARN_UNREACHABLE_CODE = YES;
				CLANG_WARN__DUPLICATE_METHOD_MATCH = YES;
				COPY_PHASE_STRIP = NO;
				DEBUG_INFORMATION_FORMAT = "dwarf-with-dsym";
				ENABLE_NS_ASSERTIONS = NO;
				ENABLE_STRICT_OBJC_MSGSEND = YES;
				GCC_C_LANGUAGE_STANDARD = gnu11;
				GCC_NO_COMMON_BLOCKS = YES;
				GCC_WARN_64_TO_32_BIT_CONVERSION = YES;
				GCC_WARN_ABOUT_RETURN_TYPE = YES_ERROR;
				GCC_WARN_UNDECLARED_SELECTOR = YES;
				GCC_WARN_UNINITIALIZED_AUTOS = YES_AGGRESSIVE;
				GCC_WARN_UNUSED_FUNCTION = YES;
				GCC_WARN_UNUSED_VARIABLE = YES;
				IPHONEOS_DEPLOYMENT_TARGET = 15.2;
				MTL_ENABLE_DEBUG_INFO = NO;
				MTL_FAST_MATH = YES;
				SDKROOT = iphoneos;
				SWIFT_COMPILATION_MODE = wholemodule;
				SWIFT_OPTIMIZATION_LEVEL = "-O";
				VALIDATE_PRODUCT = YES;
			};
			name = Release;
		};
		A94B7C6E27E2D60500A04BCC /* Debug */ = {
			isa = XCBuildConfiguration;
			buildSettings = {
				ASSETCATALOG_COMPILER_APPICON_NAME = AppIcon;
				ASSETCATALOG_COMPILER_GLOBAL_ACCENT_COLOR_NAME = AccentColor;
				CODE_SIGN_STYLE = Automatic;
				CURRENT_PROJECT_VERSION = 1;
				DEVELOPMENT_ASSET_PATHS = "\"AngelNumberTracker2/Preview Content\"";
				DEVELOPMENT_TEAM = 94GR47S8MA;
				ENABLE_PREVIEWS = YES;
				GENERATE_INFOPLIST_FILE = YES;
				INFOPLIST_KEY_UIApplicationSceneManifest_Generation = YES;
				INFOPLIST_KEY_UIApplicationSupportsIndirectInputEvents = YES;
				INFOPLIST_KEY_UILaunchScreen_Generation = YES;
				INFOPLIST_KEY_UISupportedInterfaceOrientations_iPad = "UIInterfaceOrientationPortrait UIInterfaceOrientationPortraitUpsideDown UIInterfaceOrientationLandscapeLeft UIInterfaceOrientationLandscapeRight";
				INFOPLIST_KEY_UISupportedInterfaceOrientations_iPhone = "UIInterfaceOrientationPortrait UIInterfaceOrientationLandscapeLeft UIInterfaceOrientationLandscapeRight";
				LD_RUNPATH_SEARCH_PATHS = (
					"$(inherited)",
					"@executable_path/Frameworks",
				);
				MARKETING_VERSION = 1.0;
				PRODUCT_BUNDLE_IDENTIFIER = emoona2.AngelNumberTracker2;
				PRODUCT_NAME = "$(TARGET_NAME)";
				SWIFT_EMIT_LOC_STRINGS = YES;
				SWIFT_VERSION = 5.0;
				TARGETED_DEVICE_FAMILY = "1,2";
			};
			name = Debug;
		};
		A94B7C6F27E2D60500A04BCC /* Release */ = {
			isa = XCBuildConfiguration;
			buildSettings = {
				ASSETCATALOG_COMPILER_APPICON_NAME = AppIcon;
				ASSETCATALOG_COMPILER_GLOBAL_ACCENT_COLOR_NAME = AccentColor;
				CODE_SIGN_STYLE = Automatic;
				CURRENT_PROJECT_VERSION = 1;
				DEVELOPMENT_ASSET_PATHS = "\"AngelNumberTracker2/Preview Content\"";
				DEVELOPMENT_TEAM = 94GR47S8MA;
				ENABLE_PREVIEWS = YES;
				GENERATE_INFOPLIST_FILE = YES;
				INFOPLIST_KEY_UIApplicationSceneManifest_Generation = YES;
				INFOPLIST_KEY_UIApplicationSupportsIndirectInputEvents = YES;
				INFOPLIST_KEY_UILaunchScreen_Generation = YES;
				INFOPLIST_KEY_UISupportedInterfaceOrientations_iPad = "UIInterfaceOrientationPortrait UIInterfaceOrientationPortraitUpsideDown UIInterfaceOrientationLandscapeLeft UIInterfaceOrientationLandscapeRight";
				INFOPLIST_KEY_UISupportedInterfaceOrientations_iPhone = "UIInterfaceOrientationPortrait UIInterfaceOrientationLandscapeLeft UIInterfaceOrientationLandscapeRight";
				LD_RUNPATH_SEARCH_PATHS = (
					"$(inherited)",
					"@executable_path/Frameworks",
				);
				MARKETING_VERSION = 1.0;
				PRODUCT_BUNDLE_IDENTIFIER = emoona2.AngelNumberTracker2;
				PRODUCT_NAME = "$(TARGET_NAME)";
				SWIFT_EMIT_LOC_STRINGS = YES;
				SWIFT_VERSION = 5.0;
				TARGETED_DEVICE_FAMILY = "1,2";
			};
			name = Release;
		};
/* End XCBuildConfiguration section */

/* Begin XCConfigurationList section */
		A94B7C5A27E2D60100A04BCC /* Build configuration list for PBXProject "AngelNumberTracker2" */ = {
			isa = XCConfigurationList;
			buildConfigurations = (
				A94B7C6B27E2D60500A04BCC /* Debug */,
				A94B7C6C27E2D60500A04BCC /* Release */,
			);
			defaultConfigurationIsVisible = 0;
			defaultConfigurationName = Release;
		};
		A94B7C6D27E2D60500A04BCC /* Build configuration list for PBXNativeTarget "AngelNumberTracker2" */ = {
			isa = XCConfigurationList;
			buildConfigurations = (
				A94B7C6E27E2D60500A04BCC /* Debug */,
				A94B7C6F27E2D60500A04BCC /* Release */,
			);
			defaultConfigurationIsVisible = 0;
			defaultConfigurationName = Release;
		};
/* End XCConfigurationList section */
	};
	rootObject = A94B7C5727E2D60100A04BCC /* Project object */;
}
